// !$*UTF8*$!
{
	archiveVersion = 1;
	classes = {
	};
	objectVersion = 50;
	objects = {

/* Begin PBXBuildFile section */
		8805872121EEDCC000D90928 /* AppDelegate.swift in Sources */ = {isa = PBXBuildFile; fileRef = 8805872021EEDCC000D90928 /* AppDelegate.swift */; };
		8805872321EEDCC000D90928 /* ViewController.swift in Sources */ = {isa = PBXBuildFile; fileRef = 8805872221EEDCC000D90928 /* ViewController.swift */; };
		8805872621EEDCC000D90928 /* Main.storyboard in Resources */ = {isa = PBXBuildFile; fileRef = 8805872421EEDCC000D90928 /* Main.storyboard */; };
		8805872921EEDCC000D90928 /* Login_Do_Try_Catch.xcdatamodeld in Sources */ = {isa = PBXBuildFile; fileRef = 8805872721EEDCC000D90928 /* Login_Do_Try_Catch.xcdatamodeld */; };
		8805872B21EEDCC200D90928 /* Assets.xcassets in Resources */ = {isa = PBXBuildFile; fileRef = 8805872A21EEDCC200D90928 /* Assets.xcassets */; };
		8805872E21EEDCC200D90928 /* LaunchScreen.storyboard in Resources */ = {isa = PBXBuildFile; fileRef = 8805872C21EEDCC200D90928 /* LaunchScreen.storyboard */; };
		8805873621EEDFD500D90928 /* String-Extension-IsValidEmail.swift in Sources */ = {isa = PBXBuildFile; fileRef = 8805873521EEDFD500D90928 /* String-Extension-IsValidEmail.swift */; };
		8805873821EEDFE200D90928 /* Alert.swift in Sources */ = {isa = PBXBuildFile; fileRef = 8805873721EEDFE200D90928 /* Alert.swift */; };
/* End PBXBuildFile section */

/* Begin PBXFileReference section */
		8805871D21EEDCC000D90928 /* Login Do Try Catch.app */ = {isa = PBXFileReference; explicitFileType = wrapper.application; includeInIndex = 0; path = "Login Do Try Catch.app"; sourceTree = BUILT_PRODUCTS_DIR; };
		8805872021EEDCC000D90928 /* AppDelegate.swift */ = {isa = PBXFileReference; lastKnownFileType = sourcecode.swift; path = AppDelegate.swift; sourceTree = "<group>"; };
		8805872221EEDCC000D90928 /* ViewController.swift */ = {isa = PBXFileReference; lastKnownFileType = sourcecode.swift; path = ViewController.swift; sourceTree = "<group>"; };
		8805872521EEDCC000D90928 /* Base */ = {isa = PBXFileReference; lastKnownFileType = file.storyboard; name = Base; path = Base.lproj/Main.storyboard; sourceTree = "<group>"; };
		8805872821EEDCC000D90928 /* Login_Do_Try_Catch.xcdatamodel */ = {isa = PBXFileReference; lastKnownFileType = wrapper.xcdatamodel; path = Login_Do_Try_Catch.xcdatamodel; sourceTree = "<group>"; };
		8805872A21EEDCC200D90928 /* Assets.xcassets */ = {isa = PBXFileReference; lastKnownFileType = folder.assetcatalog; path = Assets.xcassets; sourceTree = "<group>"; };
		8805872D21EEDCC200D90928 /* Base */ = {isa = PBXFileReference; lastKnownFileType = file.storyboard; name = Base; path = Base.lproj/LaunchScreen.storyboard; sourceTree = "<group>"; };
		8805872F21EEDCC300D90928 /* Info.plist */ = {isa = PBXFileReference; lastKnownFileType = text.plist.xml; path = Info.plist; sourceTree = "<group>"; };
		8805873521EEDFD500D90928 /* String-Extension-IsValidEmail.swift */ = {isa = PBXFileReference; fileEncoding = 4; lastKnownFileType = sourcecode.swift; path = "String-Extension-IsValidEmail.swift"; sourceTree = "<group>"; };
		8805873721EEDFE200D90928 /* Alert.swift */ = {isa = PBXFileReference; fileEncoding = 4; lastKnownFileType = sourcecode.swift; path = Alert.swift; sourceTree = "<group>"; };
/* End PBXFileReference section */

/* Begin PBXFrameworksBuildPhase section */
		8805871A21EEDCC000D90928 /* Frameworks */ = {
			isa = PBXFrameworksBuildPhase;
			buildActionMask = 2147483647;
			files = (
			);
			runOnlyForDeploymentPostprocessing = 0;
		};
/* End PBXFrameworksBuildPhase section */

/* Begin PBXGroup section */
		8805871421EEDCC000D90928 = {
			isa = PBXGroup;
			children = (
				8805871F21EEDCC000D90928 /* Login Do Try Catch */,
				8805871E21EEDCC000D90928 /* Products */,
			);
			sourceTree = "<group>";
		};
		8805871E21EEDCC000D90928 /* Products */ = {
			isa = PBXGroup;
			children = (
				8805871D21EEDCC000D90928 /* Login Do Try Catch.app */,
			);
			name = Products;
			sourceTree = "<group>";
		};
		8805871F21EEDCC000D90928 /* Login Do Try Catch */ = {
			isa = PBXGroup;
			children = (
				8805873721EEDFE200D90928 /* Alert.swift */,
				8805872021EEDCC000D90928 /* AppDelegate.swift */,
				8805872221EEDCC000D90928 /* ViewController.swift */,
				8805872421EEDCC000D90928 /* Main.storyboard */,
				8805873521EEDFD500D90928 /* String-Extension-IsValidEmail.swift */,
				8805872A21EEDCC200D90928 /* Assets.xcassets */,
				8805872C21EEDCC200D90928 /* LaunchScreen.storyboard */,
				8805872F21EEDCC300D90928 /* Info.plist */,
				8805872721EEDCC000D90928 /* Login_Do_Try_Catch.xcdatamodeld */,
			);
			path = "Login Do Try Catch";
			sourceTree = "<group>";
		};
/* End PBXGroup section */

/* Begin PBXNativeTarget section */
		8805871C21EEDCC000D90928 /* Login Do Try Catch */ = {
			isa = PBXNativeTarget;
			buildConfigurationList = 8805873221EEDCC300D90928 /* Build configuration list for PBXNativeTarget "Login Do Try Catch" */;
			buildPhases = (
				8805871921EEDCC000D90928 /* Sources */,
				8805871A21EEDCC000D90928 /* Frameworks */,
				8805871B21EEDCC000D90928 /* Resources */,
			);
			buildRules = (
			);
			dependencies = (
			);
			name = "Login Do Try Catch";
			productName = "Login Do Try Catch";
			productReference = 8805871D21EEDCC000D90928 /* Login Do Try Catch.app */;
			productType = "com.apple.product-type.application";
		};
/* End PBXNativeTarget section */

/* Begin PBXProject section */
		8805871521EEDCC000D90928 /* Project object */ = {
			isa = PBXProject;
			attributes = {
				LastSwiftUpdateCheck = 1010;
				LastUpgradeCheck = 1010;
				ORGANIZATIONNAME = Joethermal;
				TargetAttributes = {
					8805871C21EEDCC000D90928 = {
						CreatedOnToolsVersion = 10.1;
					};
				};
			};
			buildConfigurationList = 8805871821EEDCC000D90928 /* Build configuration list for PBXProject "Login Do Try Catch" */;
			compatibilityVersion = "Xcode 9.3";
			developmentRegion = en;
			hasScannedForEncodings = 0;
			knownRegions = (
				en,
				Base,
			);
			mainGroup = 8805871421EEDCC000D90928;
			productRefGroup = 8805871E21EEDCC000D90928 /* Products */;
			projectDirPath = "";
			projectRoot = "";
			targets = (
				8805871C21EEDCC000D90928 /* Login Do Try Catch */,
			);
		};
/* End PBXProject section */

/* Begin PBXResourcesBuildPhase section */
		8805871B21EEDCC000D90928 /* Resources */ = {
			isa = PBXResourcesBuildPhase;
			buildActionMask = 2147483647;
			files = (
				8805872E21EEDCC200D90928 /* LaunchScreen.storyboard in Resources */,
				8805872B21EEDCC200D90928 /* Assets.xcassets in Resources */,
				8805872621EEDCC000D90928 /* Main.storyboard in Resources */,
			);
			runOnlyForDeploymentPostprocessing = 0;
		};
/* End PBXResourcesBuildPhase section */

/* Begin PBXSourcesBuildPhase section */
		8805871921EEDCC000D90928 /* Sources */ = {
			isa = PBXSourcesBuildPhase;
			buildActionMask = 2147483647;
			files = (
				8805873621EEDFD500D90928 /* String-Extension-IsValidEmail.swift in Sources */,
				8805872321EEDCC000D90928 /* ViewController.swift in Sources */,
				8805872921EEDCC000D90928 /* Login_Do_Try_Catch.xcdatamodeld in Sources */,
				8805873821EEDFE200D90928 /* Alert.swift in Sources */,
				8805872121EEDCC000D90928 /* AppDelegate.swift in Sources */,
			);
			runOnlyForDeploymentPostprocessing = 0;
		};
/* End PBXSourcesBuildPhase section */

/* Begin PBXVariantGroup section */
		8805872421EEDCC000D90928 /* Main.storyboard */ = {
			isa = PBXVariantGroup;
			children = (
				8805872521EEDCC000D90928 /* Base */,
			);
			name = Main.storyboard;
			sourceTree = "<group>";
		};
		8805872C21EEDCC200D90928 /* LaunchScreen.storyboard */ = {
			isa = PBXVariantGroup;
			children = (
				8805872D21EEDCC200D90928 /* Base */,
			);
			name = LaunchScreen.storyboard;
			sourceTree = "<group>";
		};
/* End PBXVariantGroup section */

/* Begin XCBuildConfiguration section */
		8805873021EEDCC300D90928 /* Debug */ = {
			isa = XCBuildConfiguration;
			buildSettings = {
				ALWAYS_SEARCH_USER_PATHS = NO;
				CLANG_ANALYZER_NONNULL = YES;
				CLANG_ANALYZER_NUMBER_OBJECT_CONVERSION = YES_AGGRESSIVE;
				CLANG_CXX_LANGUAGE_STANDARD = "gnu++14";
				CLANG_CXX_LIBRARY = "libc++";
				CLANG_ENABLE_MODULES = YES;
				CLANG_ENABLE_OBJC_ARC = YES;
				CLANG_ENABLE_OBJC_WEAK = YES;
				CLANG_WARN_BLOCK_CAPTURE_AUTORELEASING = YES;
				CLANG_WARN_BOOL_CONVERSION = YES;
				CLANG_WARN_COMMA = YES;
				CLANG_WARN_CONSTANT_CONVERSION = YES;
				CLANG_WARN_DEPRECATED_OBJC_IMPLEMENTATIONS = YES;
				CLANG_WARN_DIRECT_OBJC_ISA_USAGE = YES_ERROR;
				CLANG_WARN_DOCUMENTATION_COMMENTS = YES;
				CLANG_WARN_EMPTY_BODY = YES;
				CLANG_WARN_ENUM_CONVERSION = YES;
				CLANG_WARN_INFINITE_RECURSION = YES;
				CLANG_WARN_INT_CONVERSION = YES;
				CLANG_WARN_NON_LITERAL_NULL_CONVERSION = YES;
				CLANG_WARN_OBJC_IMPLICIT_RETAIN_SELF = YES;
				CLANG_WARN_OBJC_LITERAL_CONVERSION = YES;
				CLANG_WARN_OBJC_ROOT_CLASS = YES_ERROR;
				CLANG_WARN_RANGE_LOOP_ANALYSIS = YES;
				CLANG_WARN_STRICT_PROTOTYPES = YES;
				CLANG_WARN_SUSPICIOUS_MOVE = YES;
				CLANG_WARN_UNGUARDED_AVAILABILITY = YES_AGGRESSIVE;
				CLANG_WARN_UNREACHABLE_CODE = YES;
				CLANG_WARN__DUPLICATE_METHOD_MATCH = YES;
				CODE_SIGN_IDENTITY = "iPhone Developer";
				COPY_PHASE_STRIP = NO;
				DEBUG_INFORMATION_FORMAT = dwarf;
				ENABLE_STRICT_OBJC_MSGSEND = YES;
				ENABLE_TESTABILITY = YES;
				GCC_C_LANGUAGE_STANDARD = gnu11;
				GCC_DYNAMIC_NO_PIC = NO;
				GCC_NO_COMMON_BLOCKS = YES;
				GCC_OPTIMIZATION_LEVEL = 0;
				GCC_PREPROCESSOR_DEFINITIONS = (
					"DEBUG=1",
					"$(inherited)",
				);
				GCC_WARN_64_TO_32_BIT_CONVERSION = YES;
				GCC_WARN_ABOUT_RETURN_TYPE = YES_ERROR;
				GCC_WARN_UNDECLARED_SELECTOR = YES;
				GCC_WARN_UNINITIALIZED_AUTOS = YES_AGGRESSIVE;
				GCC_WARN_UNUSED_FUNCTION = YES;
				GCC_WARN_UNUSED_VARIABLE = YES;
				IPHONEOS_DEPLOYMENT_TARGET = 12.1;
				MTL_ENABLE_DEBUG_INFO = INCLUDE_SOURCE;
				MTL_FAST_MATH = YES;
				ONLY_ACTIVE_ARCH = YES;
				SDKROOT = iphoneos;
				SWIFT_ACTIVE_COMPILATION_CONDITIONS = DEBUG;
				SWIFT_OPTIMIZATION_LEVEL = "-Onone";
			};
			name = Debug;
		};
		8805873121EEDCC300D90928 /* Release */ = {
			isa = XCBuildConfiguration;
			buildSettings = {
				ALWAYS_SEARCH_USER_PATHS = NO;
				CLANG_ANALYZER_NONNULL = YES;
				CLANG_ANALYZER_NUMBER_OBJECT_CONVERSION = YES_AGGRESSIVE;
				CLANG_CXX_LANGUAGE_STANDARD = "gnu++14";
				CLANG_CXX_LIBRARY = "libc++";
				CLANG_ENABLE_MODULES = YES;
				CLANG_ENABLE_OBJC_ARC = YES;
				CLANG_ENABLE_OBJC_WEAK = YES;
				CLANG_WARN_BLOCK_CAPTURE_AUTORELEASING = YES;
				CLANG_WARN_BOOL_CONVERSION = YES;
				CLANG_WARN_COMMA = YES;
				CLANG_WARN_CONSTANT_CONVERSION = YES;
				CLANG_WARN_DEPRECATED_OBJC_IMPLEMENTATIONS = YES;
				CLANG_WARN_DIRECT_OBJC_ISA_USAGE = YES_ERROR;
				CLANG_WARN_DOCUMENTATION_COMMENTS = YES;
				CLANG_WARN_EMPTY_BODY = YES;
				CLANG_WARN_ENUM_CONVERSION = YES;
				CLANG_WARN_INFINITE_RECURSION = YES;
				CLANG_WARN_INT_CONVERSION = YES;
				CLANG_WARN_NON_LITERAL_NULL_CONVERSION = YES;
				CLANG_WARN_OBJC_IMPLICIT_RETAIN_SELF = YES;
				CLANG_WARN_OBJC_LITERAL_CONVERSION = YES;
				CLANG_WARN_OBJC_ROOT_CLASS = YES_ERROR;
				CLANG_WARN_RANGE_LOOP_ANALYSIS = YES;
				CLANG_WARN_STRICT_PROTOTYPES = YES;
				CLANG_WARN_SUSPICIOUS_MOVE = YES;
				CLANG_WARN_UNGUARDED_AVAILABILITY = YES_AGGRESSIVE;
				CLANG_WARN_UNREACHABLE_CODE = YES;
				CLANG_WARN__DUPLICATE_METHOD_MATCH = YES;
				CODE_SIGN_IDENTITY = "iPhone Developer";
				COPY_PHASE_STRIP = NO;
				DEBUG_INFORMATION_FORMAT = "dwarf-with-dsym";
				ENABLE_NS_ASSERTIONS = NO;
				ENABLE_STRICT_OBJC_MSGSEND = YES;
				GCC_C_LANGUAGE_STANDARD = gnu11;
				GCC_NO_COMMON_BLOCKS = YES;
				GCC_WARN_64_TO_32_BIT_CONVERSION = YES;
				GCC_WARN_ABOUT_RETURN_TYPE = YES_ERROR;
				GCC_WARN_UNDECLARED_SELECTOR = YES;
				GCC_WARN_UNINITIALIZED_AUTOS = YES_AGGRESSIVE;
				GCC_WARN_UNUSED_FUNCTION = YES;
				GCC_WARN_UNUSED_VARIABLE = YES;
				IPHONEOS_DEPLOYMENT_TARGET = 12.1;
				MTL_ENABLE_DEBUG_INFO = NO;
				MTL_FAST_MATH = YES;
				SDKROOT = iphoneos;
				SWIFT_COMPILATION_MODE = wholemodule;
				SWIFT_OPTIMIZATION_LEVEL = "-O";
				VALIDATE_PRODUCT = YES;
			};
			name = Release;
		};
		8805873321EEDCC300D90928 /* Debug */ = {
			isa = XCBuildConfiguration;
			buildSettings = {
				ASSETCATALOG_COMPILER_APPICON_NAME = AppIcon;
				CODE_SIGN_STYLE = Automatic;
				DEVELOPMENT_TEAM = 6SKKXTGX6L;
				INFOPLIST_FILE = "Login Do Try Catch/Info.plist";
				LD_RUNPATH_SEARCH_PATHS = (
					"$(inherited)",
					"@executable_path/Frameworks",
				);
				PRODUCT_BUNDLE_IDENTIFIER = "com.joethermal.Login-Do-Try-Catch";
				PRODUCT_NAME = "$(TARGET_NAME)";
				SWIFT_VERSION = 4.2;
				TARGETED_DEVICE_FAMILY = "1,2";
			};
			name = Debug;
		};
		8805873421EEDCC300D90928 /* Release */ = {
			isa = XCBuildConfiguration;
			buildSettings = {
				ASSETCATALOG_COMPILER_APPICON_NAME = AppIcon;
				CODE_SIGN_STYLE = Automatic;
				DEVELOPMENT_TEAM = 6SKKXTGX6L;
				INFOPLIST_FILE = "Login Do Try Catch/Info.plist";
				LD_RUNPATH_SEARCH_PATHS = (
					"$(inherited)",
					"@executable_path/Frameworks",
				);
				PRODUCT_BUNDLE_IDENTIFIER = "com.joethermal.Login-Do-Try-Catch";
				PRODUCT_NAME = "$(TARGET_NAME)";
				SWIFT_VERSION = 4.2;
				TARGETED_DEVICE_FAMILY = "1,2";
			};
			name = Release;
		};
/* End XCBuildConfiguration section */

/* Begin XCConfigurationList section */
		8805871821EEDCC000D90928 /* Build configuration list for PBXProject "Login Do Try Catch" */ = {
			isa = XCConfigurationList;
			buildConfigurations = (
				8805873021EEDCC300D90928 /* Debug */,
				8805873121EEDCC300D90928 /* Release */,
			);
			defaultConfigurationIsVisible = 0;
			defaultConfigurationName = Release;
		};
		8805873221EEDCC300D90928 /* Build configuration list for PBXNativeTarget "Login Do Try Catch" */ = {
			isa = XCConfigurationList;
			buildConfigurations = (
				8805873321EEDCC300D90928 /* Debug */,
				8805873421EEDCC300D90928 /* Release */,
			);
			defaultConfigurationIsVisible = 0;
			defaultConfigurationName = Release;
		};
/* End XCConfigurationList section */

/* Begin XCVersionGroup section */
		8805872721EEDCC000D90928 /* Login_Do_Try_Catch.xcdatamodeld */ = {
			isa = XCVersionGroup;
			children = (
				8805872821EEDCC000D90928 /* Login_Do_Try_Catch.xcdatamodel */,
			);
			currentVersion = 8805872821EEDCC000D90928 /* Login_Do_Try_Catch.xcdatamodel */;
			path = Login_Do_Try_Catch.xcdatamodeld;
			sourceTree = "<group>";
			versionGroupType = wrapper.xcdatamodel;
		};
/* End XCVersionGroup section */
	};
	rootObject = 8805871521EEDCC000D90928 /* Project object */;
}
